
Microsoft Visual Studio Solution File, Format Version 12.00
# Visual Studio Version 17
VisualStudioVersion = 17.8.34316.72
MinimumVisualStudioVersion = 10.0.40219.1
Project("{FAE04EC0-301F-11D3-BF4B-00C04F79EFBC}") = "ComputerStore", "ComputerStore.csproj", "{43475EAF-A203-4B32-AA08-07C179EE96E3}"
EndProject
Global
	GlobalSection(SolutionConfigurationPlatforms) = preSolution
		Debug|Any CPU = Debug|Any CPU
		Release|Any CPU = Release|Any CPU
	EndGlobalSection
	GlobalSection(ProjectConfigurationPlatforms) = postSolution
		{43475EAF-A203-4B32-AA08-07C179EE96E3}.Debug|Any CPU.ActiveCfg = Debug|Any CPU
		{43475EAF-A203-4B32-AA08-07C179EE96E3}.Debug|Any CPU.Build.0 = Debug|Any CPU
		{43475EAF-A203-4B32-AA08-07C179EE96E3}.Release|Any CPU.ActiveCfg = Release|Any CPU
		{43475EAF-A203-4B32-AA08-07C179EE96E3}.Release|Any CPU.Build.0 = Release|Any CPU
	EndGlobalSection
	GlobalSection(SolutionProperties) = preSolution
		HideSolutionNode = FALSE
	EndGlobalSection
	GlobalSection(ExtensibilityGlobals) = postSolution
		SolutionGuid = {8EC0F76C-106A-4C64-A615-E1A8B6047B35}
	EndGlobalSection
EndGlobal
